{
  "version": 4,
  "terraform_version": "1.0.2",
  "serial": 60,
  "lineage": "2b2fd910-4a7e-23cb-9292-c4475560094e",
  "outputs": {},
  "resources": [
    {
      "module": "module.linuxVM",
      "mode": "managed",
      "type": "azurerm_network_interface",
      "name": "main",
      "provider": "provider[\"registry.terraform.io/hashicorp/azurerm\"]",
      "instances": []
    },
    {
      "module": "module.linuxVM",
      "mode": "managed",
      "type": "azurerm_virtual_machine",
      "name": "myVM",
      "provider": "provider[\"registry.terraform.io/hashicorp/azurerm\"]",
      "instances": []
    },
    {
      "module": "module.resourceGroup",
      "mode": "managed",
      "type": "azurerm_resource_group",
      "name": "res_group",
      "provider": "provider[\"registry.terraform.io/hashicorp/azurerm\"]",
      "instances": [
        {
          "schema_version": 0,
          "attributes": {
            "id": "/subscriptions/d481f6a4-403b-474c-8382-925665643ade/resourceGroups/resourceGroup",
            "location": "westus",
            "name": "resourceGroup",
            "tags": null,
            "timeouts": null
          },
          "sensitive_attributes": [],
          "private": "eyJlMmJmYjczMC1lY2FhLTExZTYtOGY4OC0zNDM2M2JjN2M0YzAiOnsiY3JlYXRlIjo1NDAwMDAwMDAwMDAwLCJkZWxldGUiOjU0MDAwMDAwMDAwMDAsInJlYWQiOjMwMDAwMDAwMDAwMCwidXBkYXRlIjo1NDAwMDAwMDAwMDAwfX0="
        }
      ]
    },
    {
      "module": "module.vNetwork",
      "mode": "managed",
      "type": "azurerm_virtual_network",
      "name": "network",
      "provider": "provider[\"registry.terraform.io/hashicorp/azurerm\"]",
      "instances": [
        {
          "schema_version": 0,
          "attributes": {
            "address_space": [
              "10.0.0.0/16"
            ],
            "bgp_community": "",
            "ddos_protection_plan": [],
            "dns_servers": null,
            "guid": "42aa9ea0-b5ee-4055-8313-6e444a0b85b3",
            "id": "/subscriptions/d481f6a4-403b-474c-8382-925665643ade/resourceGroups/resourceGroup/providers/Microsoft.Network/virtualNetworks/vNetwork-VN",
            "location": "westus",
            "name": "vNetwork-VN",
            "resource_group_name": "resourceGroup",
            "subnet": [],
            "tags": null,
            "timeouts": null,
            "vm_protection_enabled": false
          },
          "sensitive_attributes": [],
          "private": "eyJlMmJmYjczMC1lY2FhLTExZTYtOGY4OC0zNDM2M2JjN2M0YzAiOnsiY3JlYXRlIjoxODAwMDAwMDAwMDAwLCJkZWxldGUiOjE4MDAwMDAwMDAwMDAsInJlYWQiOjMwMDAwMDAwMDAwMCwidXBkYXRlIjoxODAwMDAwMDAwMDAwfX0=",
          "dependencies": [
            "module.resourceGroup.azurerm_resource_group.res_group"
          ]
        }
      ]
    }
  ]
}
